
Microsoft Visual Studio Solution File, Format Version 12.00
# Visual Studio Version 17
VisualStudioVersion = 17.5.33414.496
MinimumVisualStudioVersion = 10.0.40219.1
Project("{2150E333-8FDC-42A3-9474-1A3956D46DE8}") = "Services", "Services", "{312DDBA5-36A2-46A5-806B-5D8E168F1FCC}"
EndProject
Project("{2150E333-8FDC-42A3-9474-1A3956D46DE8}") = "Catalog", "Catalog", "{CE1474C4-83AE-436B-9765-D7CE95E0F4F9}"
EndProject
Project("{9A19103F-16F7-4668-BE54-9A1E7A4F7556}") = "Catalog.API", "Services\Catalog\Catalog.API\Catalog.API.csproj", "{D5626F76-E8AB-4F2A-9165-4B2B881ED1FD}"
EndProject
Project("{E53339B2-1760-4266-BCC7-CA923CBCF16C}") = "docker-compose", "docker-compose.dcproj", "{7608E713-DC3B-413D-A159-21560D31638D}"
EndProject
Project("{2150E333-8FDC-42A3-9474-1A3956D46DE8}") = "Basket", "Basket", "{C29311D3-BD0D-4DC0-8F88-AEF6996D5667}"
EndProject
Project("{9A19103F-16F7-4668-BE54-9A1E7A4F7556}") = "Basket.API", "Services\Basket\Basket.API\Basket.API.csproj", "{1279CC20-E180-426B-A1B1-6BAD2E6AF816}"
EndProject
Project("{2150E333-8FDC-42A3-9474-1A3956D46DE8}") = "Discount", "Discount", "{4172FC2D-227C-4E75-B05B-2A6656C92C33}"
EndProject
Project("{9A19103F-16F7-4668-BE54-9A1E7A4F7556}") = "Discount.API", "Services\Discount\Discount.API\Discount.API.csproj", "{DA434307-F229-4DD4-BD85-0567D0A19C3E}"
EndProject
Project("{2150E333-8FDC-42A3-9474-1A3956D46DE8}") = "Ordering", "Ordering", "{96880C86-5329-4FE1-A582-5C42EDC643A5}"
EndProject
Project("{9A19103F-16F7-4668-BE54-9A1E7A4F7556}") = "Ordering.Domain", "Services\Ordering\Ordering.Domain\Ordering.Domain.csproj", "{376A4D4C-2317-45F7-9CA5-587C7E34B838}"
EndProject
Project("{9A19103F-16F7-4668-BE54-9A1E7A4F7556}") = "Ordering.API", "Services\Ordering\Ordering.API\Ordering.API.csproj", "{F60DB399-65BF-47D6-A954-EE106B926825}"
EndProject
Project("{9A19103F-16F7-4668-BE54-9A1E7A4F7556}") = "Ordering.Application", "Services\Ordering\Ordering.Application\Ordering.Application.csproj", "{1617A112-5588-4106-A993-77D6AFB90014}"
EndProject
Project("{9A19103F-16F7-4668-BE54-9A1E7A4F7556}") = "Ordering.Infrastructure", "Services\Ordering\Ordering.Infrastructure\Ordering.Infrastructure.csproj", "{406EB51B-4A8A-47D4-91E1-8540504057AB}"
EndProject
Project("{2150E333-8FDC-42A3-9474-1A3956D46DE8}") = "BuildingBlocks", "BuildingBlocks", "{CE378988-9FDB-4875-A2A2-FE56E9DB954A}"
EndProject
Project("{2150E333-8FDC-42A3-9474-1A3956D46DE8}") = "EventBus", "EventBus", "{C28455BF-AC1D-456A-8720-F3C06DD5396C}"
EndProject
Project("{FAE04EC0-301F-11D3-BF4B-00C04F79EFBC}") = "EventBus", "BuildingBlocks\EventBus\EventBus\EventBus.csproj", "{FA5AE3EC-ED6E-4176-91C3-DE73A62DBC6A}"
EndProject
Global
	GlobalSection(SolutionConfigurationPlatforms) = preSolution
		Debug|Any CPU = Debug|Any CPU
		Release|Any CPU = Release|Any CPU
	EndGlobalSection
	GlobalSection(ProjectConfigurationPlatforms) = postSolution
		{D5626F76-E8AB-4F2A-9165-4B2B881ED1FD}.Debug|Any CPU.ActiveCfg = Debug|Any CPU
		{D5626F76-E8AB-4F2A-9165-4B2B881ED1FD}.Debug|Any CPU.Build.0 = Debug|Any CPU
		{D5626F76-E8AB-4F2A-9165-4B2B881ED1FD}.Release|Any CPU.ActiveCfg = Release|Any CPU
		{D5626F76-E8AB-4F2A-9165-4B2B881ED1FD}.Release|Any CPU.Build.0 = Release|Any CPU
		{7608E713-DC3B-413D-A159-21560D31638D}.Debug|Any CPU.ActiveCfg = Debug|Any CPU
		{7608E713-DC3B-413D-A159-21560D31638D}.Debug|Any CPU.Build.0 = Debug|Any CPU
		{7608E713-DC3B-413D-A159-21560D31638D}.Release|Any CPU.ActiveCfg = Release|Any CPU
		{7608E713-DC3B-413D-A159-21560D31638D}.Release|Any CPU.Build.0 = Release|Any CPU
		{1279CC20-E180-426B-A1B1-6BAD2E6AF816}.Debug|Any CPU.ActiveCfg = Debug|Any CPU
		{1279CC20-E180-426B-A1B1-6BAD2E6AF816}.Debug|Any CPU.Build.0 = Debug|Any CPU
		{1279CC20-E180-426B-A1B1-6BAD2E6AF816}.Release|Any CPU.ActiveCfg = Release|Any CPU
		{1279CC20-E180-426B-A1B1-6BAD2E6AF816}.Release|Any CPU.Build.0 = Release|Any CPU
		{DA434307-F229-4DD4-BD85-0567D0A19C3E}.Debug|Any CPU.ActiveCfg = Debug|Any CPU
		{DA434307-F229-4DD4-BD85-0567D0A19C3E}.Debug|Any CPU.Build.0 = Debug|Any CPU
		{DA434307-F229-4DD4-BD85-0567D0A19C3E}.Release|Any CPU.ActiveCfg = Release|Any CPU
		{DA434307-F229-4DD4-BD85-0567D0A19C3E}.Release|Any CPU.Build.0 = Release|Any CPU
		{376A4D4C-2317-45F7-9CA5-587C7E34B838}.Debug|Any CPU.ActiveCfg = Debug|Any CPU
		{376A4D4C-2317-45F7-9CA5-587C7E34B838}.Debug|Any CPU.Build.0 = Debug|Any CPU
		{376A4D4C-2317-45F7-9CA5-587C7E34B838}.Release|Any CPU.ActiveCfg = Release|Any CPU
		{376A4D4C-2317-45F7-9CA5-587C7E34B838}.Release|Any CPU.Build.0 = Release|Any CPU
		{F60DB399-65BF-47D6-A954-EE106B926825}.Debug|Any CPU.ActiveCfg = Debug|Any CPU
		{F60DB399-65BF-47D6-A954-EE106B926825}.Debug|Any CPU.Build.0 = Debug|Any CPU
		{F60DB399-65BF-47D6-A954-EE106B926825}.Release|Any CPU.ActiveCfg = Release|Any CPU
		{F60DB399-65BF-47D6-A954-EE106B926825}.Release|Any CPU.Build.0 = Release|Any CPU
		{1617A112-5588-4106-A993-77D6AFB90014}.Debug|Any CPU.ActiveCfg = Debug|Any CPU
		{1617A112-5588-4106-A993-77D6AFB90014}.Debug|Any CPU.Build.0 = Debug|Any CPU
		{1617A112-5588-4106-A993-77D6AFB90014}.Release|Any CPU.ActiveCfg = Release|Any CPU
		{1617A112-5588-4106-A993-77D6AFB90014}.Release|Any CPU.Build.0 = Release|Any CPU
		{406EB51B-4A8A-47D4-91E1-8540504057AB}.Debug|Any CPU.ActiveCfg = Debug|Any CPU
		{406EB51B-4A8A-47D4-91E1-8540504057AB}.Debug|Any CPU.Build.0 = Debug|Any CPU
		{406EB51B-4A8A-47D4-91E1-8540504057AB}.Release|Any CPU.ActiveCfg = Release|Any CPU
		{406EB51B-4A8A-47D4-91E1-8540504057AB}.Release|Any CPU.Build.0 = Release|Any CPU
		{FA5AE3EC-ED6E-4176-91C3-DE73A62DBC6A}.Debug|Any CPU.ActiveCfg = Debug|Any CPU
		{FA5AE3EC-ED6E-4176-91C3-DE73A62DBC6A}.Debug|Any CPU.Build.0 = Debug|Any CPU
		{FA5AE3EC-ED6E-4176-91C3-DE73A62DBC6A}.Release|Any CPU.ActiveCfg = Release|Any CPU
		{FA5AE3EC-ED6E-4176-91C3-DE73A62DBC6A}.Release|Any CPU.Build.0 = Release|Any CPU
	EndGlobalSection
	GlobalSection(SolutionProperties) = preSolution
		HideSolutionNode = FALSE
	EndGlobalSection
	GlobalSection(NestedProjects) = preSolution
		{CE1474C4-83AE-436B-9765-D7CE95E0F4F9} = {312DDBA5-36A2-46A5-806B-5D8E168F1FCC}
		{D5626F76-E8AB-4F2A-9165-4B2B881ED1FD} = {CE1474C4-83AE-436B-9765-D7CE95E0F4F9}
		{C29311D3-BD0D-4DC0-8F88-AEF6996D5667} = {312DDBA5-36A2-46A5-806B-5D8E168F1FCC}
		{1279CC20-E180-426B-A1B1-6BAD2E6AF816} = {C29311D3-BD0D-4DC0-8F88-AEF6996D5667}
		{4172FC2D-227C-4E75-B05B-2A6656C92C33} = {312DDBA5-36A2-46A5-806B-5D8E168F1FCC}
		{DA434307-F229-4DD4-BD85-0567D0A19C3E} = {4172FC2D-227C-4E75-B05B-2A6656C92C33}
		{96880C86-5329-4FE1-A582-5C42EDC643A5} = {312DDBA5-36A2-46A5-806B-5D8E168F1FCC}
		{376A4D4C-2317-45F7-9CA5-587C7E34B838} = {96880C86-5329-4FE1-A582-5C42EDC643A5}
		{F60DB399-65BF-47D6-A954-EE106B926825} = {96880C86-5329-4FE1-A582-5C42EDC643A5}
		{1617A112-5588-4106-A993-77D6AFB90014} = {96880C86-5329-4FE1-A582-5C42EDC643A5}
		{406EB51B-4A8A-47D4-91E1-8540504057AB} = {96880C86-5329-4FE1-A582-5C42EDC643A5}
		{C28455BF-AC1D-456A-8720-F3C06DD5396C} = {CE378988-9FDB-4875-A2A2-FE56E9DB954A}
		{FA5AE3EC-ED6E-4176-91C3-DE73A62DBC6A} = {C28455BF-AC1D-456A-8720-F3C06DD5396C}
	EndGlobalSection
	GlobalSection(ExtensibilityGlobals) = postSolution
		SolutionGuid = {75C5C457-62A9-4ACC-8F68-E0C4C9DD7072}
	EndGlobalSection
EndGlobal
